
Microsoft Visual Studio Solution File, Format Version 12.00
# Visual Studio Version 17
VisualStudioVersion = 17.3.32825.248
MinimumVisualStudioVersion = 10.0.40219.1
Project("{FAE04EC0-301F-11D3-BF4B-00C04F79EFBC}") = "AlgorytmWegierski", "AlgorytmWegierski.csproj", "{EBA744B5-C706-4AA9-A56B-6A2B76A38C3C}"
EndProject
Global
	GlobalSection(SolutionConfigurationPlatforms) = preSolution
		Debug|Any CPU = Debug|Any CPU
		Release|Any CPU = Release|Any CPU
	EndGlobalSection
	GlobalSection(ProjectConfigurationPlatforms) = postSolution
		{EBA744B5-C706-4AA9-A56B-6A2B76A38C3C}.Debug|Any CPU.ActiveCfg = Debug|Any CPU
		{EBA744B5-C706-4AA9-A56B-6A2B76A38C3C}.Debug|Any CPU.Build.0 = Debug|Any CPU
		{EBA744B5-C706-4AA9-A56B-6A2B76A38C3C}.Release|Any CPU.ActiveCfg = Release|Any CPU
		{EBA744B5-C706-4AA9-A56B-6A2B76A38C3C}.Release|Any CPU.Build.0 = Release|Any CPU
	EndGlobalSection
	GlobalSection(SolutionProperties) = preSolution
		HideSolutionNode = FALSE
	EndGlobalSection
	GlobalSection(ExtensibilityGlobals) = postSolution
		SolutionGuid = {740EBFC8-1FFC-4F56-9C9C-6203B83471C6}
	EndGlobalSection
EndGlobal
